
Microsoft Visual Studio Solution File, Format Version 12.00
# Visual Studio Version 16
VisualStudioVersion = 16.0.33328.57
MinimumVisualStudioVersion = 10.0.40219.1
Project("{FAE04EC0-301F-11D3-BF4B-00C04F79EFBC}") = "TinhLuongNhanSu", "TinhLuongNhanSu\TinhLuongNhanSu.csproj", "{9C10E642-E880-4B2D-A674-4E1ED62A8FAA}"
EndProject
Global
	GlobalSection(SolutionConfigurationPlatforms) = preSolution
		Debug|Any CPU = Debug|Any CPU
		Release|Any CPU = Release|Any CPU
	EndGlobalSection
	GlobalSection(ProjectConfigurationPlatforms) = postSolution
		{9C10E642-E880-4B2D-A674-4E1ED62A8FAA}.Debug|Any CPU.ActiveCfg = Debug|Any CPU
		{9C10E642-E880-4B2D-A674-4E1ED62A8FAA}.Debug|Any CPU.Build.0 = Debug|Any CPU
		{9C10E642-E880-4B2D-A674-4E1ED62A8FAA}.Release|Any CPU.ActiveCfg = Release|Any CPU
		{9C10E642-E880-4B2D-A674-4E1ED62A8FAA}.Release|Any CPU.Build.0 = Release|Any CPU
	EndGlobalSection
	GlobalSection(SolutionProperties) = preSolution
		HideSolutionNode = FALSE
	EndGlobalSection
	GlobalSection(ExtensibilityGlobals) = postSolution
		SolutionGuid = {E4FE5F48-4565-44AF-A7BB-44C1D1B87D83}
	EndGlobalSection
EndGlobal
